{
  "name": "NMS",
  "lockfileVersion": 3,
  "requires": true,
  "packages": {
    "": {
      "dependencies": {
        "@simplewebauthn/browser": "^13.3.0",
        "@simplewebauthn/server": "^13.3.2"
      }
    },
    "node_modules/@hexagon/base64": {
      "version": "1.1.28",
      "resolved": "https://registry.npmjs.org/@hexagon/base64/-/base64-1.1.28.tgz",
      "integrity": "sha512-lhqDEAvWixy3bZ+UOYbPwUbBkwBq5C1LAJ/xPC8Oi+lL54oyakv/npbA0aU2hgCsx/1NUd4IBvV03+aUBWxerw==",
      "license": "MIT"
    },
    "node_modules/@levischuck/tiny-cbor": {
      "version": "0.2.11",
      "resolved": "https://registry.npmjs.org/@levischuck/tiny-cbor/-/tiny-cbor-0.2.11.tgz",
      "integrity": "sha512-llBRm4dT4Z89aRsm6u2oEZ8tfwL/2l6BwpZ7JcyieouniDECM5AqNgr/y08zalEIvW3RSK4upYyybDcmjXqAow==",
      "license": "MIT"
    },
    "node_modules/@peculiar/asn1-android": {
      "version": "2.9.3",
      "resolved": "https://registry.npmjs.org/@peculiar/asn1-android/-/asn1-android-2.9.3.tgz",
      "integrity": "sha512-hiRJvr5ydif9fbTA7czZw1OfgzYDhu5gXNzhDfS3wSXzWYoSS/BHY+Wu2c36CNbn3mI6FoVLf0yHvQy0D4rZWw==",
      "license": "MIT",
      "dependencies": {
        "@peculiar/asn1-schema": "^2.9.3",
        "asn1js": "^3.0.10",
        "tslib": "^2.8.1"
      }
    },
    "node_modules/@peculiar/asn1-cms": {
      "version": "2.9.3",
      "resolved": "https://registry.npmjs.org/@peculiar/asn1-cms/-/asn1-cms-2.9.3.tgz",
      "integrity": "sha512-N3POfw5RA7efAliAATiudtmvKQqukVEOzrMQuqQY/us2EPKczMy2WiecLt1SX6s3b0OwcFaPUXGF6uIYlBUTbg==",
      "license": "MIT",
      "dependencies": {
        "@peculiar/asn1-schema": "^2.9.3",
        "@peculiar/asn1-x509": "^2.9.3",
        "@peculiar/asn1-x509-attr": "^2.9.3",
        "asn1js": "^3.0.10",
        "tslib": "^2.8.1"
      }
    },
    "node_modules/@peculiar/asn1-csr": {
      "version": "2.9.3",
      "resolved": "https://registry.npmjs.org/@peculiar/asn1-csr/-/asn1-csr-2.9.3.tgz",
      "integrity": "sha512-E9zYmC5mk7eiDKqQAOsZGrJ7mUCIDC0031s4Nsl7dj1Za5EBKcHVqY+1vD/a4xbk480PGqvi455W2b4FeHRJ8Q==",
      "license": "MIT",
      "dependencies": {
        "@peculiar/asn1-schema": "^2.9.3",
        "@peculiar/asn1-x509": "^2.9.3",
        "asn1js": "^3.0.10",
        "tslib": "^2.8.1"
      }
    },
    "node_modules/@peculiar/asn1-ecc": {
      "version": "2.9.3",
      "resolved": "https://registry.npmjs.org/@peculiar/asn1-ecc/-/asn1-ecc-2.9.3.tgz",
      "integrity": "sha512-4xmeZiZ46VI2qGbiZPzdv6p9IhMtjWdbwZf3VCgN8OAVcued60ej5Ki2FF94srVH4Ot/h45Co7T5C/fpQXP4rA==",
      "license": "MIT",
      "dependencies": {
        "@peculiar/asn1-schema": "^2.9.3",
        "@peculiar/asn1-x509": "^2.9.3",
        "asn1js": "^3.0.10",
        "tslib": "^2.8.1"
      }
    },
    "node_modules/@peculiar/asn1-pfx": {
      "version": "2.9.3",
      "resolved": "https://registry.npmjs.org/@peculiar/asn1-pfx/-/asn1-pfx-2.9.3.tgz",
      "integrity": "sha512-Nzwoj+fRr1XB9CQuc4AanUuvQ3OIXAY+ngZIYP+eZUqd+Sonj+ZHTnrg+egQuUJ64/iMi9HFPN04MokGrFTK0w==",
      "license": "MIT",
      "dependencies": {
        "@peculiar/asn1-cms": "^2.9.3",
        "@peculiar/asn1-pkcs8": "^2.9.3",
        "@peculiar/asn1-rsa": "^2.9.3",
        "@peculiar/asn1-schema": "^2.9.3",
        "asn1js": "^3.0.10",
        "tslib": "^2.8.1"
      }
    },
    "node_modules/@peculiar/asn1-pkcs8": {
      "version": "2.9.3",
      "resolved": "https://registry.npmjs.org/@peculiar/asn1-pkcs8/-/asn1-pkcs8-2.9.3.tgz",
      "integrity": "sha512-ecGZpkY6Lq5bSgTFU+LS74WjawzDgjWHcjFMVNPH/1C0j53Xi9dmLcPMdmZyk8gdsd2RKeV1fP9EbLB6W6zZ1g==",
      "license": "MIT",
      "dependencies": {
        "@peculiar/asn1-schema": "^2.9.3",
        "@peculiar/asn1-x509": "^2.9.3",
        "asn1js": "^3.0.10",
        "tslib": "^2.8.1"
      }
    },
    "node_modules/@peculiar/asn1-pkcs9": {
      "version": "2.9.3",
      "resolved": "https://registry.npmjs.org/@peculiar/asn1-pkcs9/-/asn1-pkcs9-2.9.3.tgz",
      "integrity": "sha512-yjWVrQEmPp2y9lWjLLE28BRHbt7wYdwWvwXjFgNuekP9mDD/ofz31muVI8qOg2as7XZs1bZIZGPPnJ/0osTClQ==",
      "license": "MIT",
      "dependencies": {
        "@peculiar/asn1-cms": "^2.9.3",
        "@peculiar/asn1-pfx": "^2.9.3",
        "@peculiar/asn1-pkcs8": "^2.9.3",
        "@peculiar/asn1-schema": "^2.9.3",
        "@peculiar/asn1-x509": "^2.9.3",
        "@peculiar/asn1-x509-attr": "^2.9.3",
        "asn1js": "^3.0.10",
        "tslib": "^2.8.1"
      }
    },
    "node_modules/@peculiar/asn1-rsa": {
      "version": "2.9.3",
      "resolved": "https://registry.npmjs.org/@peculiar/asn1-rsa/-/asn1-rsa-2.9.3.tgz",
      "integrity": "sha512-t7m3e9p/Gf9YoMM+hLsHUqB+NhOlifiOkENAIG4RV2BFWVGTATVzbXoR8L0EgNWpiriPaeIjBCS5B9PTtkaxQw==",
      "license": "MIT",
      "dependencies": {
        "@peculiar/asn1-schema": "^2.9.3",
        "@peculiar/asn1-x509": "^2.9.3",
        "asn1js": "^3.0.10",
        "tslib": "^2.8.1"
      }
    },
    "node_modules/@peculiar/asn1-schema": {
      "version": "2.9.3",
      "resolved": "https://registry.npmjs.org/@peculiar/asn1-schema/-/asn1-schema-2.9.3.tgz",
      "integrity": "sha512-SOux4+jikCnOwoJvpBp/grOqzFmJPnNSwe3sAg1Bn93YdmCiDtvolZifJIhiRq0UWMTnLRPj9/ZCMAc2W9VsMQ==",
      "license": "MIT",
      "dependencies": {
        "@peculiar/utils": "^2.0.2",
        "asn1js": "^3.0.10",
        "tslib": "^2.8.1"
      }
    },
    "node_modules/@peculiar/asn1-x509": {
      "version": "2.9.3",
      "resolved": "https://registry.npmjs.org/@peculiar/asn1-x509/-/asn1-x509-2.9.3.tgz",
      "integrity": "sha512-HE+ejy9dX9JP3yLL6CGYoWym4Cted1lGXH7DxsbNDGiq8KabwVR7mzYidwsyNZ/m0hNWjiS+dzSwrsgMB/OIaQ==",
      "license": "MIT",
      "dependencies": {
        "@peculiar/asn1-schema": "^2.9.3",
        "@peculiar/utils": "^2.0.2",
        "asn1js": "^3.0.10",
        "tslib": "^2.8.1"
      }
    },
    "node_modules/@peculiar/asn1-x509-attr": {
      "version": "2.9.3",
      "resolved": "https://registry.npmjs.org/@peculiar/asn1-x509-attr/-/asn1-x509-attr-2.9.3.tgz",
      "integrity": "sha512-v5Oa6p7hCT3ONqYHQyTFQYcycD06eMhHbr0m7evpvPQSpWJIq8GgbdnvA9bVGTUlOx6KOeDrX7Z0W4s/yboNTg==",
      "license": "MIT",
      "dependencies": {
        "@peculiar/asn1-schema": "^2.9.3",
        "@peculiar/asn1-x509": "^2.9.3",
        "asn1js": "^3.0.10",
        "tslib": "^2.8.1"
      }
    },
    "node_modules/@peculiar/utils": {
      "version": "2.0.3",
      "resolved": "https://registry.npmjs.org/@peculiar/utils/-/utils-2.0.3.tgz",
      "integrity": "sha512-+oL3HPFRIZ1St2K50lWCXiioIgSoxzz7R1J3uF6neO2yl1sgmpgY6XXJH4BdpoDkMWznQTeYF6oWNDZLCdQ4eQ==",
      "license": "MIT",
      "dependencies": {
        "tslib": "^2.8.1"
      }
    },
    "node_modules/@peculiar/x509": {
      "version": "1.14.3",
      "resolved": "https://registry.npmjs.org/@peculiar/x509/-/x509-1.14.3.tgz",
      "integrity": "sha512-C2Xj8FZ0uHWeCXXqX5B4/gVFQmtSkiuOolzAgutjTfseNOHT3pUjljDZsTSxXFGgio54bCzVFqmEOUrIVk8RDA==",
      "license": "MIT",
      "dependencies": {
        "@peculiar/asn1-cms": "^2.6.0",
        "@peculiar/asn1-csr": "^2.6.0",
        "@peculiar/asn1-ecc": "^2.6.0",
        "@peculiar/asn1-pkcs9": "^2.6.0",
        "@peculiar/asn1-rsa": "^2.6.0",
        "@peculiar/asn1-schema": "^2.6.0",
        "@peculiar/asn1-x509": "^2.6.0",
        "pvtsutils": "^1.3.6",
        "reflect-metadata": "^0.2.2",
        "tslib": "^2.8.1",
        "tsyringe": "^4.10.0"
      },
      "engines": {
        "node": ">=20.0.0"
      }
    },
    "node_modules/@simplewebauthn/browser": {
      "version": "13.3.0",
      "resolved": "https://registry.npmjs.org/@simplewebauthn/browser/-/browser-13.3.0.tgz",
      "integrity": "sha512-BE/UWv6FOToAdVk0EokzkqQQDOWtNydYlY6+OrmiZ5SCNmb41VehttboTetUM3T/fr6EAFYVXjz4My2wg230rQ==",
      "license": "MIT"
    },
    "node_modules/@simplewebauthn/server": {
      "version": "13.3.2",
      "resolved": "https://registry.npmjs.org/@simplewebauthn/server/-/server-13.3.2.tgz",
      "integrity": "sha512-KEDhfcGP1PAKRVSDjA3npTQFqS2b/srm+ipoNBNHdkzrHAlaRQUTE+a5f4ywsx6thxAw1NU2rYcLEY1949RGbQ==",
      "license": "MIT",
      "dependencies": {
        "@hexagon/base64": "^1.1.27",
        "@levischuck/tiny-cbor": "^0.2.2",
        "@peculiar/asn1-android": "^2.6.0",
        "@peculiar/asn1-ecc": "^2.6.1",
        "@peculiar/asn1-rsa": "^2.6.1",
        "@peculiar/asn1-schema": "^2.6.0",
        "@peculiar/asn1-x509": "^2.6.1",
        "@peculiar/x509": "^1.14.3"
      },
      "engines": {
        "node": ">=20.0.0"
      }
    },
    "node_modules/asn1js": {
      "version": "3.0.10",
      "resolved": "https://registry.npmjs.org/asn1js/-/asn1js-3.0.10.tgz",
      "integrity": "sha512-S2s3aOytiKdFRdulw2qPE51MzjzVOisppcVv7jVFR+Kw0kxwvFrDcYA0h7Ndqbmj0HkMIXYWaoj7fli8kgx1eg==",
      "license": "BSD-3-Clause",
      "dependencies": {
        "pvtsutils": "^1.3.6",
        "pvutils": "^1.1.5",
        "tslib": "^2.8.1"
      },
      "engines": {
        "node": ">=12.0.0"
      }
    },
    "node_modules/pvtsutils": {
      "version": "1.3.6",
      "resolved": "https://registry.npmjs.org/pvtsutils/-/pvtsutils-1.3.6.tgz",
      "integrity": "sha512-PLgQXQ6H2FWCaeRak8vvk1GW462lMxB5s3Jm673N82zI4vqtVUPuZdffdZbPDFRoU8kAhItWFtPCWiPpp4/EDg==",
      "license": "MIT",
      "dependencies": {
        "tslib": "^2.8.1"
      }
    },
    "node_modules/pvutils": {
      "version": "1.2.0",
      "resolved": "https://registry.npmjs.org/pvutils/-/pvutils-1.2.0.tgz",
      "integrity": "sha512-BbubeCEyTuQjVMakvJQ/Sxbc93F2pwmbsxONT/ZRrwU7Ua38d8unYTwXpTVLAKJ4BDuH9IGztCjQcd/N/39Dvg==",
      "license": "MIT",
      "engines": {
        "node": ">=16.0.0"
      }
    },
    "node_modules/reflect-metadata": {
      "version": "0.2.2",
      "resolved": "https://registry.npmjs.org/reflect-metadata/-/reflect-metadata-0.2.2.tgz",
      "integrity": "sha512-urBwgfrvVP/eAyXx4hluJivBKzuEbSQs9rKWCrCkbSxNv8mxPcUZKeuoF3Uy4mJl3Lwprp6yy5/39VWigZ4K6Q==",
      "license": "Apache-2.0"
    },
    "node_modules/tslib": {
      "version": "2.8.1",
      "resolved": "https://registry.npmjs.org/tslib/-/tslib-2.8.1.tgz",
      "integrity": "sha512-oJFu94HQb+KVduSUQL7wnpmqnfmLsOA/nAh6b6EH0wCEoK0/mPeXU6c3wKDV83MkOuHPRHtSXKKU99IBazS/2w==",
      "license": "0BSD"
    },
    "node_modules/tsyringe": {
      "version": "4.10.0",
      "resolved": "https://registry.npmjs.org/tsyringe/-/tsyringe-4.10.0.tgz",
      "integrity": "sha512-axr3IdNuVIxnaK5XGEUFTu3YmAQ6lllgrvqfEoR16g/HGnYY/6We4oWENtAnzK6/LpJ2ur9PAb80RBt7/U4ugw==",
      "license": "MIT",
      "dependencies": {
        "tslib": "^1.9.3"
      },
      "engines": {
        "node": ">= 6.0.0"
      }
    },
    "node_modules/tsyringe/node_modules/tslib": {
      "version": "1.14.1",
      "resolved": "https://registry.npmjs.org/tslib/-/tslib-1.14.1.tgz",
      "integrity": "sha512-Xni35NKzjgMrwevysHTCArtLDpPvye8zV/0E4EyYn43P7/7qvQwPh9BGkHewbMulVntbigmcT7rdX3BNo9wRJg==",
      "license": "0BSD"
    }
  }
}
